
Microsoft Visual Studio Solution File, Format Version 12.00
# Visual Studio Version 16
VisualStudioVersion = 16.0.28721.148
MinimumVisualStudioVersion = 10.0.40219.1
Project("{FAE04EC0-301F-11D3-BF4B-00C04F79EFBC}") = "WallBuilder", "WallBuilder\WallBuilder.csproj", "{A2FCE20B-8C26-463C-A520-6EDED1A11785}"
EndProject
Global
	GlobalSection(SolutionConfigurationPlatforms) = preSolution
		Debug|Any CPU = Debug|Any CPU
		Release|Any CPU = Release|Any CPU
	EndGlobalSection
	GlobalSection(ProjectConfigurationPlatforms) = postSolution
		{A2FCE20B-8C26-463C-A520-6EDED1A11785}.Debug|Any CPU.ActiveCfg = Debug|Any CPU
		{A2FCE20B-8C26-463C-A520-6EDED1A11785}.Debug|Any CPU.Build.0 = Debug|Any CPU
		{A2FCE20B-8C26-463C-A520-6EDED1A11785}.Release|Any CPU.ActiveCfg = Release|Any CPU
		{A2FCE20B-8C26-463C-A520-6EDED1A11785}.Release|Any CPU.Build.0 = Release|Any CPU
	EndGlobalSection
	GlobalSection(SolutionProperties) = preSolution
		HideSolutionNode = FALSE
	EndGlobalSection
	GlobalSection(ExtensibilityGlobals) = postSolution
		SolutionGuid = {714E69F4-1548-44AE-91DB-6BA0321D9F38}
	EndGlobalSection
EndGlobal
